PODS:
  - AFNetworking (4.0.1):
    - AFNetworking/NSURLSession (= 4.0.1)
    - AFNetworking/Reachability (= 4.0.1)
    - AFNetworking/Security (= 4.0.1)
    - AFNetworking/Serialization (= 4.0.1)
    - AFNetworking/UIKit (= 4.0.1)
  - AFNetworking/NSURLSession (4.0.1):
    - AFNetworking/Reachability
    - AFNetworking/Security
    - AFNetworking/Serialization
  - AFNetworking/Reachability (4.0.1)
  - AFNetworking/Security (4.0.1)
  - AFNetworking/Serialization (4.0.1)
  - AFNetworking/UIKit (4.0.1):
    - AFNetworking/NSURLSession
  - ASFoundation (0.0.3):
    - AFNetworking (~> 4.0.1)
    - CocoaLumberjack (~> 3.6.1)
    - CTMediator (~> 32)
    - JKCategories (~> 1.9)
    - Masonry (~> 1.1.0)
    - MBProgressHUD (~> 1.2.0)
    - MJExtension (~> 3.2.1)
    - MJRefresh (~> 3.4.3)
    - ReactiveObjC (~> 3.1.1)
    - SDWebImage (~> 5.8.1)
  - CocoaLumberjack (3.6.1):
    - CocoaLumberjack/Core (= 3.6.1)
  - CocoaLumberjack/Core (3.6.1)
  - CTMediator (32)
  - FBSnapshotTestCase (2.1.4):
    - FBSnapshotTestCase/SwiftSupport (= 2.1.4)
  - FBSnapshotTestCase/Core (2.1.4)
  - FBSnapshotTestCase/SwiftSupport (2.1.4):
    - FBSnapshotTestCase/Core
  - JKCategories (1.9):
    - JKCategories/CoreData (= 1.9)
    - JKCategories/CoreLocation (= 1.9)
    - JKCategories/Foundation (= 1.9)
    - JKCategories/MapKit (= 1.9)
    - JKCategories/QuartzCore (= 1.9)
    - JKCategories/UIKit (= 1.9)
  - JKCategories/CoreData (1.9):
    - JKCategories/CoreData/NSFetchRequest (= 1.9)
    - JKCategories/CoreData/NSManagedObject (= 1.9)
    - JKCategories/CoreData/NSManagedObjectContext (= 1.9)
  - JKCategories/CoreData/NSFetchRequest (1.9)
  - JKCategories/CoreData/NSManagedObject (1.9):
    - JKCategories/CoreData/NSManagedObjectContext
  - JKCategories/CoreData/NSManagedObjectContext (1.9):
    - JKCategories/CoreData/NSFetchRequest
  - JKCategories/CoreLocation (1.9):
    - JKCategories/CoreLocation/CLLocation (= 1.9)
  - JKCategories/CoreLocation/CLLocation (1.9)
  - JKCategories/Foundation (1.9):
    - JKCategories/Foundation/NSArray (= 1.9)
    - JKCategories/Foundation/NSBundle (= 1.9)
    - JKCategories/Foundation/NSData (= 1.9)
    - JKCategories/Foundation/NSDate (= 1.9)
    - JKCategories/Foundation/NSDateFormatter (= 1.9)
    - JKCategories/Foundation/NSDictionary (= 1.9)
    - JKCategories/Foundation/NSException (= 1.9)
    - JKCategories/Foundation/NSFileHandle (= 1.9)
    - JKCategories/Foundation/NSFileManager (= 1.9)
    - JKCategories/Foundation/NSHTTPCookieStorage (= 1.9)
    - JKCategories/Foundation/NSIndexPath (= 1.9)
    - JKCategories/Foundation/NSInvocation (= 1.9)
    - JKCategories/Foundation/NSNotificationCenter (= 1.9)
    - JKCategories/Foundation/NSNumber (= 1.9)
    - JKCategories/Foundation/NSObject (= 1.9)
    - JKCategories/Foundation/NSRunLoop (= 1.9)
    - JKCategories/Foundation/NSSet (= 1.9)
    - JKCategories/Foundation/NSString (= 1.9)
    - JKCategories/Foundation/NSTimer (= 1.9)
    - JKCategories/Foundation/NSURL (= 1.9)
    - JKCategories/Foundation/NSURLConnection (= 1.9)
    - JKCategories/Foundation/NSURLRequest (= 1.9)
    - JKCategories/Foundation/NSURLSession (= 1.9)
    - JKCategories/Foundation/NSUserDefaults (= 1.9)
  - JKCategories/Foundation/NSArray (1.9)
  - JKCategories/Foundation/NSBundle (1.9)
  - JKCategories/Foundation/NSData (1.9)
  - JKCategories/Foundation/NSDate (1.9)
  - JKCategories/Foundation/NSDateFormatter (1.9)
  - JKCategories/Foundation/NSDictionary (1.9)
  - JKCategories/Foundation/NSException (1.9)
  - JKCategories/Foundation/NSFileHandle (1.9)
  - JKCategories/Foundation/NSFileManager (1.9)
  - JKCategories/Foundation/NSHTTPCookieStorage (1.9)
  - JKCategories/Foundation/NSIndexPath (1.9)
  - JKCategories/Foundation/NSInvocation (1.9)
  - JKCategories/Foundation/NSNotificationCenter (1.9)
  - JKCategories/Foundation/NSNumber (1.9)
  - JKCategories/Foundation/NSObject (1.9)
  - JKCategories/Foundation/NSRunLoop (1.9)
  - JKCategories/Foundation/NSSet (1.9)
  - JKCategories/Foundation/NSString (1.9):
    - JKCategories/Foundation/NSData
  - JKCategories/Foundation/NSTimer (1.9)
  - JKCategories/Foundation/NSURL (1.9)
  - JKCategories/Foundation/NSURLConnection (1.9)
  - JKCategories/Foundation/NSURLRequest (1.9)
  - JKCategories/Foundation/NSURLSession (1.9)
  - JKCategories/Foundation/NSUserDefaults (1.9)
  - JKCategories/MapKit (1.9):
    - JKCategories/MapKit/MKMapView (= 1.9)
  - JKCategories/MapKit/MKMapView (1.9)
  - JKCategories/QuartzCore (1.9):
    - JKCategories/QuartzCore/CAAnimation (= 1.9)
    - JKCategories/QuartzCore/CALayer (= 1.9)
    - JKCategories/QuartzCore/CAMediaTimingFunction (= 1.9)
    - JKCategories/QuartzCore/CAShapeLayer (= 1.9)
    - JKCategories/QuartzCore/CATransaction (= 1.9)
  - JKCategories/QuartzCore/CAAnimation (1.9)
  - JKCategories/QuartzCore/CALayer (1.9)
  - JKCategories/QuartzCore/CAMediaTimingFunction (1.9)
  - JKCategories/QuartzCore/CAShapeLayer (1.9)
  - JKCategories/QuartzCore/CATransaction (1.9)
  - JKCategories/UIKit (1.9):
    - JKCategories/UIKit/UIApplication (= 1.9)
    - JKCategories/UIKit/UIBarButtonItem (= 1.9)
    - JKCategories/UIKit/UIBezierPath (= 1.9)
    - JKCategories/UIKit/UIButton (= 1.9)
    - JKCategories/UIKit/UIColor (= 1.9)
    - JKCategories/UIKit/UIControl (= 1.9)
    - JKCategories/UIKit/UIDevice (= 1.9)
    - JKCategories/UIKit/UIFont (= 1.9)
    - JKCategories/UIKit/UIImage (= 1.9)
    - JKCategories/UIKit/UIImageView (= 1.9)
    - JKCategories/UIKit/UILable (= 1.9)
    - JKCategories/UIKit/UINavigationBar (= 1.9)
    - JKCategories/UIKit/UINavigationController (= 1.9)
    - JKCategories/UIKit/UINavigationItem (= 1.9)
    - JKCategories/UIKit/UIPopoverController (= 1.9)
    - JKCategories/UIKit/UIResponder (= 1.9)
    - JKCategories/UIKit/UIScreen (= 1.9)
    - JKCategories/UIKit/UIScrollView (= 1.9)
    - JKCategories/UIKit/UISearchBar (= 1.9)
    - JKCategories/UIKit/UISplitViewController (= 1.9)
    - JKCategories/UIKit/UITableView (= 1.9)
    - JKCategories/UIKit/UITableViewCell (= 1.9)
    - JKCategories/UIKit/UITextField (= 1.9)
    - JKCategories/UIKit/UITextView (= 1.9)
    - JKCategories/UIKit/UIView (= 1.9)
    - JKCategories/UIKit/UIViewController (= 1.9)
    - JKCategories/UIKit/UIWindow (= 1.9)
  - JKCategories/UIKit/UIApplication (1.9)
  - JKCategories/UIKit/UIBarButtonItem (1.9)
  - JKCategories/UIKit/UIBezierPath (1.9)
  - JKCategories/UIKit/UIButton (1.9)
  - JKCategories/UIKit/UIColor (1.9)
  - JKCategories/UIKit/UIControl (1.9)
  - JKCategories/UIKit/UIDevice (1.9)
  - JKCategories/UIKit/UIFont (1.9)
  - JKCategories/UIKit/UIImage (1.9)
  - JKCategories/UIKit/UIImageView (1.9)
  - JKCategories/UIKit/UILable (1.9)
  - JKCategories/UIKit/UINavigationBar (1.9)
  - JKCategories/UIKit/UINavigationController (1.9)
  - JKCategories/UIKit/UINavigationItem (1.9)
  - JKCategories/UIKit/UIPopoverController (1.9)
  - JKCategories/UIKit/UIResponder (1.9)
  - JKCategories/UIKit/UIScreen (1.9)
  - JKCategories/UIKit/UIScrollView (1.9)
  - JKCategories/UIKit/UISearchBar (1.9)
  - JKCategories/UIKit/UISplitViewController (1.9)
  - JKCategories/UIKit/UITableView (1.9)
  - JKCategories/UIKit/UITableViewCell (1.9)
  - JKCategories/UIKit/UITextField (1.9)
  - JKCategories/UIKit/UITextView (1.9)
  - JKCategories/UIKit/UIView (1.9)
  - JKCategories/UIKit/UIViewController (1.9)
  - JKCategories/UIKit/UIWindow (1.9)
  - Kiwi (3.0.0)
  - Masonry (1.1.0)
  - MBProgressHUD (1.2.0)
  - MJExtension (3.2.1)
  - MJRefresh (3.4.3)
  - ReactiveObjC (3.1.1)
  - SDWebImage (5.8.1):
    - SDWebImage/Core (= 5.8.1)
  - SDWebImage/Core (5.8.1)

DEPENDENCIES:
  - ASFoundation (from `../`)
  - FBSnapshotTestCase
  - Kiwi

SPEC REPOS:
  trunk:
    - AFNetworking
    - CocoaLumberjack
    - CTMediator
    - FBSnapshotTestCase
    - JKCategories
    - Kiwi
    - Masonry
    - MBProgressHUD
    - MJExtension
    - MJRefresh
    - ReactiveObjC
    - SDWebImage

EXTERNAL SOURCES:
  ASFoundation:
    :path: "../"

SPEC CHECKSUMS:
  AFNetworking: 7864c38297c79aaca1500c33288e429c3451fdce
  ASFoundation: 13056b6cb39252ec1c7f74cddf627ca6e2440da9
  CocoaLumberjack: b17ae15142558d08bbacf69775fa10c4abbebcc9
  CTMediator: 10f2c387be0ab2061b75b88c86f9903eedba1ce8
  FBSnapshotTestCase: 094f9f314decbabe373b87cc339bea235a63e07a
  JKCategories: b5240c9f6cd6991cacced4bec47c3f508c7f3f7e
  Kiwi: fbeafef0f00e4d8f7dcb3420a4930afe70af77f7
  Masonry: 678fab65091a9290e40e2832a55e7ab731aad201
  MBProgressHUD: 3ee5efcc380f6a79a7cc9b363dd669c5e1ae7406
  MJExtension: 635f2c663dcb1bf76fa4b715b2570a5710aec545
  MJRefresh: 53e3e3219f204425ee6d3e62e8733d3295944cd6
  ReactiveObjC: 011caa393aa0383245f2dcf9bf02e86b80b36040
  SDWebImage: e3eae2eda88578db0685a0c88597fdadd9433f05

PODFILE CHECKSUM: 830b214bfb5c6b820211c9997030668c1fc7f341

COCOAPODS: 1.8.4
